
Microsoft Visual Studio Solution File, Format Version 12.00
# Visual Studio Version 16
VisualStudioVersion = 16.0.29326.143
MinimumVisualStudioVersion = 10.0.40219.1
Project("{FAE04EC0-301F-11D3-BF4B-00C04F79EFBC}") = "AAMIR.ProductWebAPI", "..\AAMIR.ProductWebAPI\AAMIR.ProductWebAPI.csproj", "{D8879296-9B0C-469A-92C4-640A5BF9750A}"
EndProject
Project("{FAE04EC0-301F-11D3-BF4B-00C04F79EFBC}") = "AAMIR.WebAPI.Store", "..\AAMIR.WebAPI.Store\AAMIR.WebAPI.Store.csproj", "{569C235F-251E-4810-B7E8-F6E7CE8E1D94}"
EndProject
Global
	GlobalSection(SolutionConfigurationPlatforms) = preSolution
		Debug|Any CPU = Debug|Any CPU
		Release|Any CPU = Release|Any CPU
	EndGlobalSection
	GlobalSection(ProjectConfigurationPlatforms) = postSolution
		{D8879296-9B0C-469A-92C4-640A5BF9750A}.Debug|Any CPU.ActiveCfg = Debug|Any CPU
		{D8879296-9B0C-469A-92C4-640A5BF9750A}.Debug|Any CPU.Build.0 = Debug|Any CPU
		{D8879296-9B0C-469A-92C4-640A5BF9750A}.Release|Any CPU.ActiveCfg = Release|Any CPU
		{D8879296-9B0C-469A-92C4-640A5BF9750A}.Release|Any CPU.Build.0 = Release|Any CPU
		{569C235F-251E-4810-B7E8-F6E7CE8E1D94}.Debug|Any CPU.ActiveCfg = Debug|Any CPU
		{569C235F-251E-4810-B7E8-F6E7CE8E1D94}.Debug|Any CPU.Build.0 = Debug|Any CPU
		{569C235F-251E-4810-B7E8-F6E7CE8E1D94}.Release|Any CPU.ActiveCfg = Release|Any CPU
		{569C235F-251E-4810-B7E8-F6E7CE8E1D94}.Release|Any CPU.Build.0 = Release|Any CPU
	EndGlobalSection
	GlobalSection(SolutionProperties) = preSolution
		HideSolutionNode = FALSE
	EndGlobalSection
	GlobalSection(ExtensibilityGlobals) = postSolution
		SolutionGuid = {C554DDA2-AEE6-4228-A2AF-6A770A3E1C9A}
	EndGlobalSection
EndGlobal
